{
  "version": 4,
  "terraform_version": "1.12.2",
  "serial": 89,
  "lineage": "edb45c5d-d3bb-b6f7-b6ff-ab32eeab73ff",
  "outputs": {},
  "resources": [
    {
      "module": "module.ecr",
      "mode": "managed",
      "type": "aws_ecr_repository",
      "name": "main",
      "provider": "provider[\"registry.terraform.io/hashicorp/aws\"]",
      "instances": [
        {
          "schema_version": 0,
          "attributes": {
            "arn": "arn:aws:ecr:us-west-1:392066615426:repository/mal-exercise-dev",
            "encryption_configuration": [
              {
                "encryption_type": "AES256",
                "kms_key": ""
              }
            ],
            "force_delete": null,
            "id": "mal-exercise-dev",
            "image_scanning_configuration": [
              {
                "scan_on_push": true
              }
            ],
            "image_tag_mutability": "MUTABLE",
            "name": "mal-exercise-dev",
            "registry_id": "392066615426",
            "repository_url": "392066615426.dkr.ecr.us-west-1.amazonaws.com/mal-exercise-dev",
            "tags": {
              "Environment": "dev",
              "ManagedBy": "Terraform",
              "Project": "mal-exercise"
            },
            "tags_all": {
              "Environment": "dev",
              "ManagedBy": "Terraform",
              "Project": "mal-exercise"
            },
            "timeouts": null
          },
          "sensitive_attributes": [],
          "identity_schema_version": 0,
          "private": "eyJlMmJmYjczMC1lY2FhLTExZTYtOGY4OC0zNDM2M2JjN2M0YzAiOnsiZGVsZXRlIjoxMjAwMDAwMDAwMDAwfX0="
        }
      ]
    }
  ],
  "check_results": null
}
